
Microsoft Visual Studio Solution File, Format Version 12.00
# Visual Studio Version 17
VisualStudioVersion = 17.6.33723.286
MinimumVisualStudioVersion = 10.0.40219.1
Project("{FAE04EC0-301F-11D3-BF4B-00C04F79EFBC}") = "webprotocol", "webprotocol.csproj", "{6B678859-AAD2-42D5-9FBF-A3E95F70E849}"
EndProject
Global
	GlobalSection(SolutionConfigurationPlatforms) = preSolution
		Debug|Any CPU = Debug|Any CPU
		Release|Any CPU = Release|Any CPU
	EndGlobalSection
	GlobalSection(ProjectConfigurationPlatforms) = postSolution
		{6B678859-AAD2-42D5-9FBF-A3E95F70E849}.Debug|Any CPU.ActiveCfg = Debug|Any CPU
		{6B678859-AAD2-42D5-9FBF-A3E95F70E849}.Debug|Any CPU.Build.0 = Debug|Any CPU
		{6B678859-AAD2-42D5-9FBF-A3E95F70E849}.Release|Any CPU.ActiveCfg = Release|Any CPU
		{6B678859-AAD2-42D5-9FBF-A3E95F70E849}.Release|Any CPU.Build.0 = Release|Any CPU
	EndGlobalSection
	GlobalSection(SolutionProperties) = preSolution
		HideSolutionNode = FALSE
	EndGlobalSection
	GlobalSection(ExtensibilityGlobals) = postSolution
		SolutionGuid = {3677428C-0146-4F28-95EB-5663C324C6FB}
	EndGlobalSection
EndGlobal
